
Microsoft Visual Studio Solution File, Format Version 12.00
# Visual Studio Version 17
VisualStudioVersion = 17.14.36414.22
MinimumVisualStudioVersion = 10.0.40219.1
Project("{2150E333-8FDC-42A3-9474-1A3956D46DE8}") = "src", "src", "{02EA681E-C7D8-13C7-8484-4AC65E1B71E8}"
EndProject
Project("{FAE04EC0-301F-11D3-BF4B-00C04F79EFBC}") = "solid-principles-console", "src\solid-principles-console\solid-principles-console.csproj", "{822FA44B-DE17-1BE5-24C7-4E6C36B60C77}"
EndProject
Project("{2150E333-8FDC-42A3-9474-1A3956D46DE8}") = "shared", "shared", "{D7E42947-2B68-4650-9664-CA8D39A1546D}"
EndProject
Project("{2150E333-8FDC-42A3-9474-1A3956D46DE8}") = "files", "files", "{FC716493-FC9F-42C6-A531-D47135093730}"
EndProject
Global
	GlobalSection(SolutionConfigurationPlatforms) = preSolution
		Debug|Any CPU = Debug|Any CPU
		Release|Any CPU = Release|Any CPU
	EndGlobalSection
	GlobalSection(ProjectConfigurationPlatforms) = postSolution
		{822FA44B-DE17-1BE5-24C7-4E6C36B60C77}.Debug|Any CPU.ActiveCfg = Debug|Any CPU
		{822FA44B-DE17-1BE5-24C7-4E6C36B60C77}.Debug|Any CPU.Build.0 = Debug|Any CPU
		{822FA44B-DE17-1BE5-24C7-4E6C36B60C77}.Release|Any CPU.ActiveCfg = Release|Any CPU
		{822FA44B-DE17-1BE5-24C7-4E6C36B60C77}.Release|Any CPU.Build.0 = Release|Any CPU
	EndGlobalSection
	GlobalSection(SolutionProperties) = preSolution
		HideSolutionNode = FALSE
	EndGlobalSection
	GlobalSection(NestedProjects) = preSolution
		{822FA44B-DE17-1BE5-24C7-4E6C36B60C77} = {02EA681E-C7D8-13C7-8484-4AC65E1B71E8}
		{FC716493-FC9F-42C6-A531-D47135093730} = {D7E42947-2B68-4650-9664-CA8D39A1546D}
	EndGlobalSection
	GlobalSection(ExtensibilityGlobals) = postSolution
		SolutionGuid = {AAF7BAA8-E34A-4A67-B970-5DFCF422CD95}
	EndGlobalSection
EndGlobal
